{
  "version": "5",
  "specifiers": {
    "npm:@tabler/icons-react@^3.34.0": "3.34.0_react@19.1.0",
    "npm:react-router-dom@^7.6.2": "7.6.2_react@19.1.0_react-dom@19.1.0__react@19.1.0"
  },
  "npm": {
    "@tabler/icons-react@3.34.0_react@19.1.0": {
      "integrity": "sha512-OpEIR2iZsIXECtAIMbn1zfKfQ3zKJjXyIZlkgOGUL9UkMCFycEiF2Y8AVfEQsyre/3FnBdlWJvGr0NU47n2TbQ==",
      "dependencies": [
        "@tabler/icons",
        "react"
      ]
    },
    "@tabler/icons@3.34.0": {
      "integrity": "sha512-jtVqv0JC1WU2TTEBN32D9+R6mc1iEBuPwLnBsWaR02SIEciu9aq5806AWkCHuObhQ4ERhhXErLEK7Fs+tEZxiA=="
    },
    "cookie@1.0.2": {
      "integrity": "sha512-9Kr/j4O16ISv8zBBhJoi4bXOYNTkFLOqSL3UDB0njXxCXNezjeyVrJyGOWtgfs/q2km1gwBcfH8q1yEGoMYunA=="
    },
    "react-dom@19.1.0_react@19.1.0": {
      "integrity": "sha512-Xs1hdnE+DyKgeHJeJznQmYMIBG3TKIHJJT95Q58nHLSrElKlGQqDTR2HQ9fx5CN/Gk6Vh/kupBTDLU11/nDk/g==",
      "dependencies": [
        "react",
        "scheduler"
      ]
    },
    "react-router-dom@7.6.2_react@19.1.0_react-dom@19.1.0__react@19.1.0": {
      "integrity": "sha512-Q8zb6VlTbdYKK5JJBLQEN06oTUa/RAbG/oQS1auK1I0TbJOXktqm+QENEVJU6QvWynlXPRBXI3fiOQcSEA78rA==",
      "dependencies": [
        "react",
        "react-dom",
        "react-router"
      ]
    },
    "react-router@7.6.2_react@19.1.0_react-dom@19.1.0__react@19.1.0": {
      "integrity": "sha512-U7Nv3y+bMimgWjhlT5CRdzHPu2/KVmqPwKUCChW8en5P3znxUqwlYFlbmyj8Rgp1SF6zs5X4+77kBVknkg6a0w==",
      "dependencies": [
        "cookie",
        "react",
        "react-dom",
        "set-cookie-parser"
      ],
      "optionalPeers": [
        "react-dom"
      ]
    },
    "react@19.1.0": {
      "integrity": "sha512-FS+XFBNvn3GTAWq26joslQgWNoFu08F4kl0J4CgdNKADkdSGXQyTCnKteIAJy96Br6YbpEU1LSzV5dYtjMkMDg=="
    },
    "scheduler@0.26.0": {
      "integrity": "sha512-NlHwttCI/l5gCPR3D1nNXtWABUmBwvZpEQiD4IXSbIDq8BzLIK/7Ir5gTFSGZDUu37K5cMNp0hFtzO38sC7gWA=="
    },
    "set-cookie-parser@2.7.1": {
      "integrity": "sha512-IOc8uWeOZgnb3ptbCURJWNjWUPcO3ZnTTdzsurqERrP6nPyv+paC55vJM0LpOlT2ne+Ix+9+CRG1MNLlyZ4GjQ=="
    }
  },
  "workspace": {
    "dependencies": [
      "npm:@tabler/icons-react@^3.34.0",
      "npm:react-router-dom@^7.6.2"
    ]
  }
}
